
Microsoft Visual Studio Solution File, Format Version 12.00
# Visual Studio Version 17
VisualStudioVersion = 17.5.002.0
MinimumVisualStudioVersion = 10.0.40219.1
Project("{2150E333-8FDC-42A3-9474-1A3956D46DE8}") = "Source", "Source", "{A949A40B-F60B-43B4-A99E-01096D3F27CC}"
EndProject
Project("{9A19103F-16F7-4668-BE54-9A1E7A4F7556}") = "InventoryApi", "Source\InventoryApi\InventoryApi.csproj", "{14CAF52C-B52C-48FF-946B-869FC5B5ECC9}"
EndProject
Global
	GlobalSection(SolutionConfigurationPlatforms) = preSolution
		Debug|Any CPU = Debug|Any CPU
		Release|Any CPU = Release|Any CPU
	EndGlobalSection
	GlobalSection(ProjectConfigurationPlatforms) = postSolution
		{14CAF52C-B52C-48FF-946B-869FC5B5ECC9}.Debug|Any CPU.ActiveCfg = Debug|Any CPU
		{14CAF52C-B52C-48FF-946B-869FC5B5ECC9}.Debug|Any CPU.Build.0 = Debug|Any CPU
		{14CAF52C-B52C-48FF-946B-869FC5B5ECC9}.Release|Any CPU.ActiveCfg = Release|Any CPU
		{14CAF52C-B52C-48FF-946B-869FC5B5ECC9}.Release|Any CPU.Build.0 = Release|Any CPU
	EndGlobalSection
	GlobalSection(SolutionProperties) = preSolution
		HideSolutionNode = FALSE
	EndGlobalSection
	GlobalSection(NestedProjects) = preSolution
		{14CAF52C-B52C-48FF-946B-869FC5B5ECC9} = {A949A40B-F60B-43B4-A99E-01096D3F27CC}
	EndGlobalSection
	GlobalSection(ExtensibilityGlobals) = postSolution
		SolutionGuid = {E5EC65B2-7038-4B4B-BBA4-56EF01A80A44}
	EndGlobalSection
EndGlobal
